{
  "version": 4,
  "terraform_version": "1.2.8",
  "serial": 4,
  "lineage": "4fd15c11-29b8-0d1a-cd02-01543792766d",
  "outputs": {},
  "resources": [
    {
      "mode": "managed",
      "type": "aws_codecommit_repository",
      "name": "my-repo",
      "provider": "provider[\"registry.terraform.io/hashicorp/aws\"]",
      "instances": [
        {
          "schema_version": 0,
          "attributes": {
            "arn": "arn:aws:codecommit:us-east-1:627289618204:my-repo",
            "clone_url_http": "https://git-codecommit.us-east-1.amazonaws.com/v1/repos/my-repo",
            "clone_url_ssh": "ssh://git-codecommit.us-east-1.amazonaws.com/v1/repos/my-repo",
            "default_branch": null,
            "description": "This is the Sample App Repository",
            "id": "my-repo",
            "repository_id": "7183baf0-1400-4e50-ad28-4d82f92d03e0",
            "repository_name": "my-repo",
            "tags": null,
            "tags_all": {}
          },
          "sensitive_attributes": [],
          "private": "bnVsbA=="
        }
      ]
    }
  ]
}
