{
  "version": 4,
  "terraform_version": "1.2.8",
  "serial": 10,
  "lineage": "db00cb69-bce7-8af2-94ae-4ff1eebfee59",
  "outputs": {},
  "resources": [
    {
      "mode": "managed",
      "type": "aws_codecommit_repository",
      "name": "my-repo",
      "provider": "provider[\"registry.terraform.io/hashicorp/aws\"]",
      "instances": [
        {
          "schema_version": 0,
          "attributes": {
            "arn": "arn:aws:codecommit:us-east-1:627289618204:my-repo",
            "clone_url_http": "https://git-codecommit.us-east-1.amazonaws.com/v1/repos/my-repo",
            "clone_url_ssh": "ssh://git-codecommit.us-east-1.amazonaws.com/v1/repos/my-repo",
            "default_branch": null,
            "description": "This is the Sample App Repository",
            "id": "my-repo",
            "repository_id": "ee2d9db7-e26c-49e5-a3ff-2f24f9669196",
            "repository_name": "my-repo",
            "tags": {},
            "tags_all": {}
          },
          "sensitive_attributes": [],
          "private": "bnVsbA=="
        }
      ]
    },
    {
      "mode": "managed",
      "type": "aws_s3_bucket",
      "name": "tfstateBucket",
      "provider": "provider[\"registry.terraform.io/hashicorp/aws\"]",
      "instances": [
        {
          "schema_version": 0,
          "attributes": {
            "acceleration_status": "",
            "acl": null,
            "arn": "arn:aws:s3:::tfstate-s3-bucket-jirivasm",
            "bucket": "tfstate-s3-bucket-jirivasm",
            "bucket_domain_name": "tfstate-s3-bucket-jirivasm.s3.amazonaws.com",
            "bucket_prefix": null,
            "bucket_regional_domain_name": "tfstate-s3-bucket-jirivasm.s3.amazonaws.com",
            "cors_rule": [],
            "force_destroy": false,
            "grant": [
              {
                "id": "e28b8a0a4f260440f9c270393f0233e413ab253e4e4bb36e0905172c3144142d",
                "permissions": [
                  "FULL_CONTROL"
                ],
                "type": "CanonicalUser",
                "uri": ""
              }
            ],
            "hosted_zone_id": "Z3AQBSTGFYJSTF",
            "id": "tfstate-s3-bucket-jirivasm",
            "lifecycle_rule": [],
            "logging": [],
            "object_lock_configuration": [],
            "object_lock_enabled": false,
            "policy": "",
            "region": "us-east-1",
            "replication_configuration": [],
            "request_payer": "BucketOwner",
            "server_side_encryption_configuration": [],
            "tags": null,
            "tags_all": {},
            "timeouts": null,
            "versioning": [
              {
                "enabled": false,
                "mfa_delete": false
              }
            ],
            "website": [],
            "website_domain": null,
            "website_endpoint": null
          },
          "sensitive_attributes": [],
          "private": "eyJlMmJmYjczMC1lY2FhLTExZTYtOGY4OC0zNDM2M2JjN2M0YzAiOnsiY3JlYXRlIjoxMjAwMDAwMDAwMDAwLCJkZWxldGUiOjM2MDAwMDAwMDAwMDAsInJlYWQiOjEyMDAwMDAwMDAwMDAsInVwZGF0ZSI6MTIwMDAwMDAwMDAwMH19"
        }
      ]
    },
    {
      "mode": "managed",
      "type": "aws_s3_bucket_versioning",
      "name": "tfstateBucket_versioning",
      "provider": "provider[\"registry.terraform.io/hashicorp/aws\"]",
      "instances": [
        {
          "schema_version": 0,
          "attributes": {
            "bucket": "tfstate-s3-bucket-jirivasm",
            "expected_bucket_owner": "",
            "id": "tfstate-s3-bucket-jirivasm",
            "mfa": null,
            "versioning_configuration": [
              {
                "mfa_delete": "",
                "status": "Enabled"
              }
            ]
          },
          "sensitive_attributes": [],
          "private": "bnVsbA==",
          "dependencies": [
            "aws_s3_bucket.tfstateBucket"
          ]
        }
      ]
    }
  ]
}
